# THIS IS AN AUTOGENERATED FILE. DO NOT EDIT THIS FILE DIRECTLY.
# yarn lockfile v1


"@msgpack/msgpack@^2.7.1":
  "integrity" "sha512-ApwiSL2c9ObewdOE/sqt788P1C5lomBOHyO8nUBCr4ofErBCnYQ003NtJ8lS9OQZc11ximkbmgAZJjB8y6cCdA=="
  "resolved" "https://registry.npmjs.org/@msgpack/msgpack/-/msgpack-2.7.1.tgz"
  "version" "2.7.1"

"argon2-browser@^1.18.0":
  "integrity" "sha512-ImVAGIItnFnvET1exhsQB7apRztcoC5TnlSqernMJDUjbc/DLq3UEYeXFrLPrlaIl8cVfwnXb6wX2KpFf2zxHw=="
  "resolved" "https://registry.npmjs.org/argon2-browser/-/argon2-browser-1.18.0.tgz"
  "version" "1.18.0"

"libsodium-sumo@^0.7.0":
  "integrity" "sha512-DcfJ57zlSlcmQU4s8KOX78pT0zKx5S9RLi0oyDuoIgm4K95+VNSaOidK/y9lUK4lxft14PtTPjoBy8tmLk1TDQ=="
  "resolved" "https://registry.npmjs.org/libsodium-sumo/-/libsodium-sumo-0.7.9.tgz"
  "version" "0.7.9"

"libsodium-wrappers-sumo@^0.7.9":
  "integrity" "sha512-XLgLkqY973PngrRElbjOH0y7bJKYEfMWVpWPmW5iuhBjO6zXvHYQWtN52MVEeie/h98ZXN1Aw9BE+GzxQVAfLg=="
  "resolved" "https://registry.npmjs.org/libsodium-wrappers-sumo/-/libsodium-wrappers-sumo-0.7.9.tgz"
  "version" "0.7.9"
  dependencies:
    "libsodium-sumo" "^0.7.0"

"libsodium@^0.7.0":
  "integrity" "sha512-gfeADtR4D/CM0oRUviKBViMGXZDgnFdMKMzHsvBdqLBHd9ySi6EtYnmuhHVDDYgYpAO8eU8hEY+F8vIUAPh08A=="
  "resolved" "https://registry.npmjs.org/libsodium/-/libsodium-0.7.9.tgz"
  "version" "0.7.9"

"monocypher-wasm@^3.1.2-3":
  "integrity" "sha512-ff8EuymCnjg0hHKkgFF6EsbcXW1iNjTgPMNv2mbT5NX5Wm7/uEDHFD4b7uQqnVlzFAtn/d4zrROPxUbrckizSA=="
  "resolved" "https://registry.npmjs.org/monocypher-wasm/-/monocypher-wasm-3.1.2-3.tgz"
  "version" "3.1.2-3"

"zxcvbn@^4.4.2":
  "integrity" "sha1-KOwXzwl0PtyrBW3dixsGJizHPDA="
  "resolved" "https://registry.npmjs.org/zxcvbn/-/zxcvbn-4.4.2.tgz"
  "version" "4.4.2"
